
Microsoft Visual Studio Solution File, Format Version 12.00
# Visual Studio 15
VisualStudioVersion = 15.0.28307.271
MinimumVisualStudioVersion = 10.0.40219.1
Project("{2150E333-8FDC-42A3-9474-1A3956D46DE8}") = "Creational", "Creational", "{9F53558A-6068-4874-93F4-E139153D9D1F}"
EndProject
Project("{2150E333-8FDC-42A3-9474-1A3956D46DE8}") = "Behavioral", "Behavioral", "{003246E3-4068-40E4-85E4-D03EB8503C80}"
EndProject
Project("{2150E333-8FDC-42A3-9474-1A3956D46DE8}") = "Structural", "Structural", "{3CF2938A-12C7-499C-923F-B2999E9B2D44}"
EndProject
Project("{FAE04EC0-301F-11D3-BF4B-00C04F79EFBC}") = "AbstractFactory", "AbstractFactory\AbstractFactory.csproj", "{C97BDF31-A303-4F47-AD6F-FE13EBA341BB}"
EndProject
Project("{FAE04EC0-301F-11D3-BF4B-00C04F79EFBC}") = "AbstractFactoryReal", "AbstractFactoryReal\AbstractFactoryReal.csproj", "{A3E6236E-F2D6-4A0D-8475-0C5364710FF2}"
EndProject
Global
	GlobalSection(SolutionConfigurationPlatforms) = preSolution
		Debug|Any CPU = Debug|Any CPU
		Release|Any CPU = Release|Any CPU
	EndGlobalSection
	GlobalSection(ProjectConfigurationPlatforms) = postSolution
		{C97BDF31-A303-4F47-AD6F-FE13EBA341BB}.Debug|Any CPU.ActiveCfg = Debug|Any CPU
		{C97BDF31-A303-4F47-AD6F-FE13EBA341BB}.Debug|Any CPU.Build.0 = Debug|Any CPU
		{C97BDF31-A303-4F47-AD6F-FE13EBA341BB}.Release|Any CPU.ActiveCfg = Release|Any CPU
		{C97BDF31-A303-4F47-AD6F-FE13EBA341BB}.Release|Any CPU.Build.0 = Release|Any CPU
		{A3E6236E-F2D6-4A0D-8475-0C5364710FF2}.Debug|Any CPU.ActiveCfg = Debug|Any CPU
		{A3E6236E-F2D6-4A0D-8475-0C5364710FF2}.Debug|Any CPU.Build.0 = Debug|Any CPU
		{A3E6236E-F2D6-4A0D-8475-0C5364710FF2}.Release|Any CPU.ActiveCfg = Release|Any CPU
		{A3E6236E-F2D6-4A0D-8475-0C5364710FF2}.Release|Any CPU.Build.0 = Release|Any CPU
	EndGlobalSection
	GlobalSection(SolutionProperties) = preSolution
		HideSolutionNode = FALSE
	EndGlobalSection
	GlobalSection(NestedProjects) = preSolution
		{C97BDF31-A303-4F47-AD6F-FE13EBA341BB} = {9F53558A-6068-4874-93F4-E139153D9D1F}
		{A3E6236E-F2D6-4A0D-8475-0C5364710FF2} = {9F53558A-6068-4874-93F4-E139153D9D1F}
	EndGlobalSection
	GlobalSection(ExtensibilityGlobals) = postSolution
		SolutionGuid = {4EFB69B8-9C50-4381-86A5-0957DE3D8A83}
	EndGlobalSection
EndGlobal
